
Microsoft Visual Studio Solution File, Format Version 12.00
# Visual Studio Version 17
VisualStudioVersion = 17.8.34525.116
MinimumVisualStudioVersion = 10.0.40219.1
Project("{2150E333-8FDC-42A3-9474-1A3956D46DE8}") = "src", "src", "{30B335E6-AC3E-48D4-AE74-3A6FC81AE19A}"
EndProject
Project("{2150E333-8FDC-42A3-9474-1A3956D46DE8}") = "00.package", "00.package", "{47FD26CA-50B6-4C20-BFEE-BAC0DF8EC742}"
EndProject
Project("{9A19103F-16F7-4668-BE54-9A1E7A4F7556}") = "Shop.Contracts", "src\00.package\Shop.Contracts\Shop.Contracts.csproj", "{C6BE7473-9382-4B74-9BE6-A2DBB155A929}"
EndProject
Project("{2150E333-8FDC-42A3-9474-1A3956D46DE8}") = "01.core", "01.core", "{957DEE83-2F6D-4082-894D-CDB5C4DEB54F}"
EndProject
Project("{9A19103F-16F7-4668-BE54-9A1E7A4F7556}") = "Shop.Application", "src\01.core\Shop.Application\Shop.Application.csproj", "{05826318-DDA1-46F5-854B-ECAE73DB9FD6}"
EndProject
Project("{2150E333-8FDC-42A3-9474-1A3956D46DE8}") = "02.infrastructure", "02.infrastructure", "{4BEF867A-B79F-44F8-A18A-1BB9748BFEDB}"
EndProject
Project("{2150E333-8FDC-42A3-9474-1A3956D46DE8}") = "03.presentation", "03.presentation", "{0458C83A-B3DB-4156-B9C3-82227441CBAB}"
EndProject
Project("{9A19103F-16F7-4668-BE54-9A1E7A4F7556}") = "Shop.RestApi", "src\03.presentation\Shop.RestApi\Shop.RestApi.csproj", "{444D3F91-2EE7-4871-9271-8187B931DBD3}"
EndProject
Project("{2150E333-8FDC-42A3-9474-1A3956D46DE8}") = "test", "test", "{E378609F-F138-4C5F-9978-BE51741EBD28}"
EndProject
Project("{9A19103F-16F7-4668-BE54-9A1E7A4F7556}") = "Shop.Application.Tests.Integration", "test\Shop.Application.Tests.Integration\Shop.Application.Tests.Integration.csproj", "{F10AA1BA-8E4A-4F44-940C-F774FE1B2D3B}"
EndProject
Project("{9A19103F-16F7-4668-BE54-9A1E7A4F7556}") = "Shop.Applications.Tests.Unit", "test\Shop.Applications.Tests.Unit\Shop.Applications.Tests.Unit.csproj", "{00441F09-0C14-49EF-9B58-D287F5B01D9B}"
EndProject
Project("{9A19103F-16F7-4668-BE54-9A1E7A4F7556}") = "Shop.infrastructure.Tests.Integration", "test\Shop.infrastructure.Tests.Integration\Shop.infrastructure.Tests.Integration.csproj", "{0F213F6D-00ED-47D6-878C-1F6C89FEEF1F}"
EndProject
Project("{9A19103F-16F7-4668-BE54-9A1E7A4F7556}") = "Shop.Infrastructure.Tests.Unit", "test\Shop.Infrastructure.Tests.Unit\Shop.Infrastructure.Tests.Unit.csproj", "{564AF620-6220-4934-B182-EBB5929141C9}"
EndProject
Project("{9A19103F-16F7-4668-BE54-9A1E7A4F7556}") = "Shop.Persistence.Tests.Unit", "test\Shop.Persistence.Tests.Unit\Shop.Persistence.Tests.Unit.csproj", "{693F4DA1-59AA-459D-BDFD-9E015F6DF67F}"
EndProject
Project("{9A19103F-16F7-4668-BE54-9A1E7A4F7556}") = "Shop.Services.Tests.Integration", "test\Shop.Services.Tests.Integration\Shop.Services.Tests.Integration.csproj", "{3FF1F679-5357-465C-BC4E-2CF334BCA885}"
EndProject
Project("{9A19103F-16F7-4668-BE54-9A1E7A4F7556}") = "Shop.Services.Tests.Unit", "test\Shop.Services.Tests.Unit\Shop.Services.Tests.Unit.csproj", "{FD2CF675-4BFB-443A-9C19-E647C2D2B017}"
EndProject
Project("{9A19103F-16F7-4668-BE54-9A1E7A4F7556}") = "Shop.Spec.Tests", "test\Shop.Spec.Tests\Shop.Spec.Tests.csproj", "{C790EF23-5A1E-4A65-B380-88A11C5090FA}"
EndProject
Project("{9A19103F-16F7-4668-BE54-9A1E7A4F7556}") = "Shop.TestTools", "test\Shop.TestTools\Shop.TestTools.csproj", "{3973148B-6330-4D80-B1B3-726FADF64D8B}"
EndProject
Project("{9A19103F-16F7-4668-BE54-9A1E7A4F7556}") = "Shop.Infrastructure", "src\02.infeastructure\Shop.Infrastructure\Shop.Infrastructure.csproj", "{1AACD190-1BD6-455A-9F92-7DB23072C47E}"
EndProject
Global
	GlobalSection(SolutionConfigurationPlatforms) = preSolution
		Debug|Any CPU = Debug|Any CPU
		Release|Any CPU = Release|Any CPU
	EndGlobalSection
	GlobalSection(ProjectConfigurationPlatforms) = postSolution
		{C6BE7473-9382-4B74-9BE6-A2DBB155A929}.Debug|Any CPU.ActiveCfg = Debug|Any CPU
		{C6BE7473-9382-4B74-9BE6-A2DBB155A929}.Debug|Any CPU.Build.0 = Debug|Any CPU
		{C6BE7473-9382-4B74-9BE6-A2DBB155A929}.Release|Any CPU.ActiveCfg = Release|Any CPU
		{C6BE7473-9382-4B74-9BE6-A2DBB155A929}.Release|Any CPU.Build.0 = Release|Any CPU
		{05826318-DDA1-46F5-854B-ECAE73DB9FD6}.Debug|Any CPU.ActiveCfg = Debug|Any CPU
		{05826318-DDA1-46F5-854B-ECAE73DB9FD6}.Debug|Any CPU.Build.0 = Debug|Any CPU
		{05826318-DDA1-46F5-854B-ECAE73DB9FD6}.Release|Any CPU.ActiveCfg = Release|Any CPU
		{05826318-DDA1-46F5-854B-ECAE73DB9FD6}.Release|Any CPU.Build.0 = Release|Any CPU
		{444D3F91-2EE7-4871-9271-8187B931DBD3}.Debug|Any CPU.ActiveCfg = Debug|Any CPU
		{444D3F91-2EE7-4871-9271-8187B931DBD3}.Debug|Any CPU.Build.0 = Debug|Any CPU
		{444D3F91-2EE7-4871-9271-8187B931DBD3}.Release|Any CPU.ActiveCfg = Release|Any CPU
		{444D3F91-2EE7-4871-9271-8187B931DBD3}.Release|Any CPU.Build.0 = Release|Any CPU
		{F10AA1BA-8E4A-4F44-940C-F774FE1B2D3B}.Debug|Any CPU.ActiveCfg = Debug|Any CPU
		{F10AA1BA-8E4A-4F44-940C-F774FE1B2D3B}.Debug|Any CPU.Build.0 = Debug|Any CPU
		{F10AA1BA-8E4A-4F44-940C-F774FE1B2D3B}.Release|Any CPU.ActiveCfg = Release|Any CPU
		{F10AA1BA-8E4A-4F44-940C-F774FE1B2D3B}.Release|Any CPU.Build.0 = Release|Any CPU
		{00441F09-0C14-49EF-9B58-D287F5B01D9B}.Debug|Any CPU.ActiveCfg = Debug|Any CPU
		{00441F09-0C14-49EF-9B58-D287F5B01D9B}.Debug|Any CPU.Build.0 = Debug|Any CPU
		{00441F09-0C14-49EF-9B58-D287F5B01D9B}.Release|Any CPU.ActiveCfg = Release|Any CPU
		{00441F09-0C14-49EF-9B58-D287F5B01D9B}.Release|Any CPU.Build.0 = Release|Any CPU
		{0F213F6D-00ED-47D6-878C-1F6C89FEEF1F}.Debug|Any CPU.ActiveCfg = Debug|Any CPU
		{0F213F6D-00ED-47D6-878C-1F6C89FEEF1F}.Debug|Any CPU.Build.0 = Debug|Any CPU
		{0F213F6D-00ED-47D6-878C-1F6C89FEEF1F}.Release|Any CPU.ActiveCfg = Release|Any CPU
		{0F213F6D-00ED-47D6-878C-1F6C89FEEF1F}.Release|Any CPU.Build.0 = Release|Any CPU
		{564AF620-6220-4934-B182-EBB5929141C9}.Debug|Any CPU.ActiveCfg = Debug|Any CPU
		{564AF620-6220-4934-B182-EBB5929141C9}.Debug|Any CPU.Build.0 = Debug|Any CPU
		{564AF620-6220-4934-B182-EBB5929141C9}.Release|Any CPU.ActiveCfg = Release|Any CPU
		{564AF620-6220-4934-B182-EBB5929141C9}.Release|Any CPU.Build.0 = Release|Any CPU
		{693F4DA1-59AA-459D-BDFD-9E015F6DF67F}.Debug|Any CPU.ActiveCfg = Debug|Any CPU
		{693F4DA1-59AA-459D-BDFD-9E015F6DF67F}.Debug|Any CPU.Build.0 = Debug|Any CPU
		{693F4DA1-59AA-459D-BDFD-9E015F6DF67F}.Release|Any CPU.ActiveCfg = Release|Any CPU
		{693F4DA1-59AA-459D-BDFD-9E015F6DF67F}.Release|Any CPU.Build.0 = Release|Any CPU
		{3FF1F679-5357-465C-BC4E-2CF334BCA885}.Debug|Any CPU.ActiveCfg = Debug|Any CPU
		{3FF1F679-5357-465C-BC4E-2CF334BCA885}.Debug|Any CPU.Build.0 = Debug|Any CPU
		{3FF1F679-5357-465C-BC4E-2CF334BCA885}.Release|Any CPU.ActiveCfg = Release|Any CPU
		{3FF1F679-5357-465C-BC4E-2CF334BCA885}.Release|Any CPU.Build.0 = Release|Any CPU
		{FD2CF675-4BFB-443A-9C19-E647C2D2B017}.Debug|Any CPU.ActiveCfg = Debug|Any CPU
		{FD2CF675-4BFB-443A-9C19-E647C2D2B017}.Debug|Any CPU.Build.0 = Debug|Any CPU
		{FD2CF675-4BFB-443A-9C19-E647C2D2B017}.Release|Any CPU.ActiveCfg = Release|Any CPU
		{FD2CF675-4BFB-443A-9C19-E647C2D2B017}.Release|Any CPU.Build.0 = Release|Any CPU
		{C790EF23-5A1E-4A65-B380-88A11C5090FA}.Debug|Any CPU.ActiveCfg = Debug|Any CPU
		{C790EF23-5A1E-4A65-B380-88A11C5090FA}.Debug|Any CPU.Build.0 = Debug|Any CPU
		{C790EF23-5A1E-4A65-B380-88A11C5090FA}.Release|Any CPU.ActiveCfg = Release|Any CPU
		{C790EF23-5A1E-4A65-B380-88A11C5090FA}.Release|Any CPU.Build.0 = Release|Any CPU
		{3973148B-6330-4D80-B1B3-726FADF64D8B}.Debug|Any CPU.ActiveCfg = Debug|Any CPU
		{3973148B-6330-4D80-B1B3-726FADF64D8B}.Debug|Any CPU.Build.0 = Debug|Any CPU
		{3973148B-6330-4D80-B1B3-726FADF64D8B}.Release|Any CPU.ActiveCfg = Release|Any CPU
		{3973148B-6330-4D80-B1B3-726FADF64D8B}.Release|Any CPU.Build.0 = Release|Any CPU
		{1AACD190-1BD6-455A-9F92-7DB23072C47E}.Debug|Any CPU.ActiveCfg = Debug|Any CPU
		{1AACD190-1BD6-455A-9F92-7DB23072C47E}.Debug|Any CPU.Build.0 = Debug|Any CPU
		{1AACD190-1BD6-455A-9F92-7DB23072C47E}.Release|Any CPU.ActiveCfg = Release|Any CPU
		{1AACD190-1BD6-455A-9F92-7DB23072C47E}.Release|Any CPU.Build.0 = Release|Any CPU
	EndGlobalSection
	GlobalSection(SolutionProperties) = preSolution
		HideSolutionNode = FALSE
	EndGlobalSection
	GlobalSection(NestedProjects) = preSolution
		{47FD26CA-50B6-4C20-BFEE-BAC0DF8EC742} = {30B335E6-AC3E-48D4-AE74-3A6FC81AE19A}
		{C6BE7473-9382-4B74-9BE6-A2DBB155A929} = {47FD26CA-50B6-4C20-BFEE-BAC0DF8EC742}
		{957DEE83-2F6D-4082-894D-CDB5C4DEB54F} = {30B335E6-AC3E-48D4-AE74-3A6FC81AE19A}
		{05826318-DDA1-46F5-854B-ECAE73DB9FD6} = {957DEE83-2F6D-4082-894D-CDB5C4DEB54F}
		{4BEF867A-B79F-44F8-A18A-1BB9748BFEDB} = {30B335E6-AC3E-48D4-AE74-3A6FC81AE19A}
		{0458C83A-B3DB-4156-B9C3-82227441CBAB} = {30B335E6-AC3E-48D4-AE74-3A6FC81AE19A}
		{444D3F91-2EE7-4871-9271-8187B931DBD3} = {0458C83A-B3DB-4156-B9C3-82227441CBAB}
		{F10AA1BA-8E4A-4F44-940C-F774FE1B2D3B} = {E378609F-F138-4C5F-9978-BE51741EBD28}
		{00441F09-0C14-49EF-9B58-D287F5B01D9B} = {E378609F-F138-4C5F-9978-BE51741EBD28}
		{0F213F6D-00ED-47D6-878C-1F6C89FEEF1F} = {E378609F-F138-4C5F-9978-BE51741EBD28}
		{564AF620-6220-4934-B182-EBB5929141C9} = {E378609F-F138-4C5F-9978-BE51741EBD28}
		{693F4DA1-59AA-459D-BDFD-9E015F6DF67F} = {E378609F-F138-4C5F-9978-BE51741EBD28}
		{3FF1F679-5357-465C-BC4E-2CF334BCA885} = {E378609F-F138-4C5F-9978-BE51741EBD28}
		{FD2CF675-4BFB-443A-9C19-E647C2D2B017} = {E378609F-F138-4C5F-9978-BE51741EBD28}
		{C790EF23-5A1E-4A65-B380-88A11C5090FA} = {E378609F-F138-4C5F-9978-BE51741EBD28}
		{3973148B-6330-4D80-B1B3-726FADF64D8B} = {E378609F-F138-4C5F-9978-BE51741EBD28}
		{1AACD190-1BD6-455A-9F92-7DB23072C47E} = {4BEF867A-B79F-44F8-A18A-1BB9748BFEDB}
	EndGlobalSection
	GlobalSection(ExtensibilityGlobals) = postSolution
		SolutionGuid = {B7712052-6BC4-40DD-B066-94B402971D44}
	EndGlobalSection
EndGlobal
